
Microsoft Visual Studio Solution File, Format Version 12.00
# Visual Studio 15
VisualStudioVersion = 15.0.27703.1
MinimumVisualStudioVersion = 10.0.40219.1
Project("{FAE04EC0-301F-11D3-BF4B-00C04F79EFBC}") = "WpfMvvm", "WpfMvvm\WpfMvvm.csproj", "{B2A77E3C-ED52-40BB-98E3-86C40E883390}"
EndProject
Global
	GlobalSection(SolutionConfigurationPlatforms) = preSolution
		Debug|Any CPU = Debug|Any CPU
		Release|Any CPU = Release|Any CPU
	EndGlobalSection
	GlobalSection(ProjectConfigurationPlatforms) = postSolution
		{B2A77E3C-ED52-40BB-98E3-86C40E883390}.Debug|Any CPU.ActiveCfg = Debug|Any CPU
		{B2A77E3C-ED52-40BB-98E3-86C40E883390}.Debug|Any CPU.Build.0 = Debug|Any CPU
		{B2A77E3C-ED52-40BB-98E3-86C40E883390}.Release|Any CPU.ActiveCfg = Release|Any CPU
		{B2A77E3C-ED52-40BB-98E3-86C40E883390}.Release|Any CPU.Build.0 = Release|Any CPU
	EndGlobalSection
	GlobalSection(SolutionProperties) = preSolution
		HideSolutionNode = FALSE
	EndGlobalSection
	GlobalSection(ExtensibilityGlobals) = postSolution
		SolutionGuid = {DE1F0805-7D10-4F9D-8B76-510EB5111096}
	EndGlobalSection
EndGlobal
